{
  "version": "5",
  "specifiers": {
    "jsr:@david/path@0.3": "0.3.1",
    "jsr:@std/assert@^1.0.9": "1.0.9",
    "jsr:@std/internal@^1.0.5": "1.0.5"
  },
  "jsr": {
    "@david/path@0.3.1": {
      "integrity": "25e31e27ba87832af880e103807afb698548069ab14a274a64d553f45bd49393"
    },
    "@std/assert@1.0.9": {
      "integrity": "a9f0c611a869cc791b26f523eec54c7e187aab7932c2c8e8bea0622d13680dcd",
      "dependencies": [
        "jsr:@std/internal"
      ]
    },
    "@std/internal@1.0.5": {
      "integrity": "54a546004f769c1ac9e025abd15a76b6671ddc9687e2313b67376125650dc7ba"
    }
  },
  "workspace": {
    "dependencies": [
      "jsr:@david/path@0.3",
      "jsr:@std/assert@^1.0.9"
    ]
  }
}
